
Microsoft Visual Studio Solution File, Format Version 12.00
# Visual Studio Version 16
VisualStudioVersion = 16.0.29613.14
MinimumVisualStudioVersion = 10.0.40219.1
Project("{FAE04EC0-301F-11D3-BF4B-00C04F79EFBC}") = "Lab7_RegExpressions", "Lab7_RegExpressions.csproj", "{2904565D-3369-421F-A47E-986F6404A9CE}"
EndProject
Global
	GlobalSection(SolutionConfigurationPlatforms) = preSolution
		Debug|Any CPU = Debug|Any CPU
		Release|Any CPU = Release|Any CPU
	EndGlobalSection
	GlobalSection(ProjectConfigurationPlatforms) = postSolution
		{2904565D-3369-421F-A47E-986F6404A9CE}.Debug|Any CPU.ActiveCfg = Debug|Any CPU
		{2904565D-3369-421F-A47E-986F6404A9CE}.Debug|Any CPU.Build.0 = Debug|Any CPU
		{2904565D-3369-421F-A47E-986F6404A9CE}.Release|Any CPU.ActiveCfg = Release|Any CPU
		{2904565D-3369-421F-A47E-986F6404A9CE}.Release|Any CPU.Build.0 = Release|Any CPU
	EndGlobalSection
	GlobalSection(SolutionProperties) = preSolution
		HideSolutionNode = FALSE
	EndGlobalSection
	GlobalSection(ExtensibilityGlobals) = postSolution
		SolutionGuid = {00FD8D64-5B06-495D-8ADD-242E3389353D}
	EndGlobalSection
EndGlobal
